
Microsoft Visual Studio Solution File, Format Version 12.00
# Visual Studio Version 16
VisualStudioVersion = 16.0.30804.86
MinimumVisualStudioVersion = 10.0.40219.1
Project("{9A19103F-16F7-4668-BE54-9A1E7A4F7556}") = "Business", "Business\Business.csproj", "{0120A69F-C3F1-4B60-9779-86FFCE46CF0E}"
EndProject
Project("{9A19103F-16F7-4668-BE54-9A1E7A4F7556}") = "Entities", "Entities\Entities.csproj", "{3A2F9DF3-7181-451B-AED2-FCE6DC8B0D42}"
EndProject
Project("{9A19103F-16F7-4668-BE54-9A1E7A4F7556}") = "DataAccess", "DataAccess\DataAccess.csproj", "{4E53F1E5-1DC0-45FB-9F8C-0764CFD63E9D}"
EndProject
Project("{9A19103F-16F7-4668-BE54-9A1E7A4F7556}") = "ConsoleUI", "Console\ConsoleUI.csproj", "{A290CF19-1703-463C-BC78-29CFE9A1081E}"
EndProject
Project("{FAE04EC0-301F-11D3-BF4B-00C04F79EFBC}") = "Core", "Core\Core.csproj", "{CAC050AB-75D0-4AD4-A555-A3F1FD7711D5}"
EndProject
Global
	GlobalSection(SolutionConfigurationPlatforms) = preSolution
		Debug|Any CPU = Debug|Any CPU
		Release|Any CPU = Release|Any CPU
	EndGlobalSection
	GlobalSection(ProjectConfigurationPlatforms) = postSolution
		{0120A69F-C3F1-4B60-9779-86FFCE46CF0E}.Debug|Any CPU.ActiveCfg = Debug|Any CPU
		{0120A69F-C3F1-4B60-9779-86FFCE46CF0E}.Debug|Any CPU.Build.0 = Debug|Any CPU
		{0120A69F-C3F1-4B60-9779-86FFCE46CF0E}.Release|Any CPU.ActiveCfg = Release|Any CPU
		{0120A69F-C3F1-4B60-9779-86FFCE46CF0E}.Release|Any CPU.Build.0 = Release|Any CPU
		{3A2F9DF3-7181-451B-AED2-FCE6DC8B0D42}.Debug|Any CPU.ActiveCfg = Debug|Any CPU
		{3A2F9DF3-7181-451B-AED2-FCE6DC8B0D42}.Debug|Any CPU.Build.0 = Debug|Any CPU
		{3A2F9DF3-7181-451B-AED2-FCE6DC8B0D42}.Release|Any CPU.ActiveCfg = Release|Any CPU
		{3A2F9DF3-7181-451B-AED2-FCE6DC8B0D42}.Release|Any CPU.Build.0 = Release|Any CPU
		{4E53F1E5-1DC0-45FB-9F8C-0764CFD63E9D}.Debug|Any CPU.ActiveCfg = Debug|Any CPU
		{4E53F1E5-1DC0-45FB-9F8C-0764CFD63E9D}.Debug|Any CPU.Build.0 = Debug|Any CPU
		{4E53F1E5-1DC0-45FB-9F8C-0764CFD63E9D}.Release|Any CPU.ActiveCfg = Release|Any CPU
		{4E53F1E5-1DC0-45FB-9F8C-0764CFD63E9D}.Release|Any CPU.Build.0 = Release|Any CPU
		{A290CF19-1703-463C-BC78-29CFE9A1081E}.Debug|Any CPU.ActiveCfg = Debug|Any CPU
		{A290CF19-1703-463C-BC78-29CFE9A1081E}.Debug|Any CPU.Build.0 = Debug|Any CPU
		{A290CF19-1703-463C-BC78-29CFE9A1081E}.Release|Any CPU.ActiveCfg = Release|Any CPU
		{A290CF19-1703-463C-BC78-29CFE9A1081E}.Release|Any CPU.Build.0 = Release|Any CPU
		{CAC050AB-75D0-4AD4-A555-A3F1FD7711D5}.Debug|Any CPU.ActiveCfg = Debug|Any CPU
		{CAC050AB-75D0-4AD4-A555-A3F1FD7711D5}.Debug|Any CPU.Build.0 = Debug|Any CPU
		{CAC050AB-75D0-4AD4-A555-A3F1FD7711D5}.Release|Any CPU.ActiveCfg = Release|Any CPU
		{CAC050AB-75D0-4AD4-A555-A3F1FD7711D5}.Release|Any CPU.Build.0 = Release|Any CPU
	EndGlobalSection
	GlobalSection(SolutionProperties) = preSolution
		HideSolutionNode = FALSE
	EndGlobalSection
	GlobalSection(ExtensibilityGlobals) = postSolution
		SolutionGuid = {6500523C-7A5D-4132-8EAB-40D900776DB6}
	EndGlobalSection
EndGlobal
